{
  "name": "bags-pos",
  "version": "1.0.0",
  "lockfileVersion": 3,
  "requires": true,
  "packages": {
    "": {
      "name": "bags-pos",
      "version": "1.0.0",
      "license": "ISC",
      "devDependencies": {
        "electron": "^28.3.3",
        "electron-builder": "^24.13.3"
      }
    },
    "node_modules/electron": {
      "version": "28.3.3",
      "resolved": "https://registry.npmjs.org/electron/-/electron-28.3.3.tgz",
      "integrity": "sha512-ObKMLSPNhomtCOBAxFS8P2DW/4umkh72ouZUlUKzXGtYuPzgr1SYhskhFWgzAsPtUzhL2CzyV2sfbHcEW4CXqw==",
      "dev": true,
      "hasInstallScript": true,
      "dependencies": {
        "@electron/get": "^2.0.0",
        "@types/node": "^18.11.18",
        "extract-zip": "^2.0.1"
      },
      "bin": {
        "electron": "cli.js"
      },
      "engines": {
        "node": ">= 12.20.55"
      }
    }
  }
}